
Microsoft Visual Studio Solution File, Format Version 12.00
Project("{FAE04EC0-301F-11D3-BF4B-00C04F79EFBC}") = "ConferenceRoomBooking.API", "ConferenceRoomBooking.API\ConferenceRoomBooking.API.csproj", "{704A4A1F-1A50-4D27-BD25-3430777D4F6B}"
EndProject
Project("{FAE04EC0-301F-11D3-BF4B-00C04F79EFBC}") = "ConferenceRoomBooking.Data", "ConferenceRoomBooking.Data\ConferenceRoomBooking.Data.csproj", "{1B24EAC9-09D8-499F-86ED-FD590C5E2BA0}"
EndProject
Project("{FAE04EC0-301F-11D3-BF4B-00C04F79EFBC}") = "ConferenceRoomBooking.Service", "ConferenceRoomBooking.Service\ConferenceRoomBooking.Service.csproj", "{10273060-6C17-4B98-AAD3-690F2928F507}"
EndProject
Global
	GlobalSection(SolutionConfigurationPlatforms) = preSolution
		Debug|Any CPU = Debug|Any CPU
		Release|Any CPU = Release|Any CPU
	EndGlobalSection
	GlobalSection(ProjectConfigurationPlatforms) = postSolution
		{704A4A1F-1A50-4D27-BD25-3430777D4F6B}.Debug|Any CPU.ActiveCfg = Debug|Any CPU
		{704A4A1F-1A50-4D27-BD25-3430777D4F6B}.Debug|Any CPU.Build.0 = Debug|Any CPU
		{704A4A1F-1A50-4D27-BD25-3430777D4F6B}.Release|Any CPU.ActiveCfg = Release|Any CPU
		{704A4A1F-1A50-4D27-BD25-3430777D4F6B}.Release|Any CPU.Build.0 = Release|Any CPU
		{1B24EAC9-09D8-499F-86ED-FD590C5E2BA0}.Debug|Any CPU.ActiveCfg = Debug|Any CPU
		{1B24EAC9-09D8-499F-86ED-FD590C5E2BA0}.Debug|Any CPU.Build.0 = Debug|Any CPU
		{1B24EAC9-09D8-499F-86ED-FD590C5E2BA0}.Release|Any CPU.ActiveCfg = Release|Any CPU
		{1B24EAC9-09D8-499F-86ED-FD590C5E2BA0}.Release|Any CPU.Build.0 = Release|Any CPU
		{10273060-6C17-4B98-AAD3-690F2928F507}.Debug|Any CPU.ActiveCfg = Debug|Any CPU
		{10273060-6C17-4B98-AAD3-690F2928F507}.Debug|Any CPU.Build.0 = Debug|Any CPU
		{10273060-6C17-4B98-AAD3-690F2928F507}.Release|Any CPU.ActiveCfg = Release|Any CPU
		{10273060-6C17-4B98-AAD3-690F2928F507}.Release|Any CPU.Build.0 = Release|Any CPU
	EndGlobalSection
EndGlobal
